
Microsoft Visual Studio Solution File, Format Version 12.00
# Visual Studio Version 17
VisualStudioVersion = 17.7.34031.279
MinimumVisualStudioVersion = 10.0.40219.1
Project("{8BC9CEB8-8B4A-11D0-8D11-00A0C91BC942}") = "hash-table", "hash-table\hash-table.vcxproj", "{B589F384-D2DB-494D-8645-B1618512B17F}"
EndProject
Project("{8BC9CEB8-8B4A-11D0-8D11-00A0C91BC942}") = "demo", "demo\demo.vcxproj", "{5497635D-86AD-4EB8-A080-87FE294EA954}"
EndProject
Project("{8BC9CEB8-8B4A-11D0-8D11-00A0C91BC942}") = "HashTableTests", "HashTableTests\HashTableTests.vcxproj", "{7E915462-0E20-4271-BAB5-F5BC6FF35533}"
EndProject
Project("{8BC9CEB8-8B4A-11D0-8D11-00A0C91BC942}") = "console-menu", "console-menu\console-menu.vcxproj", "{0EB89158-914C-48AF-B605-D1D5B7E7AB87}"
EndProject
Global
	GlobalSection(SolutionConfigurationPlatforms) = preSolution
		Debug|x64 = Debug|x64
		Debug|x86 = Debug|x86
		Release|x64 = Release|x64
		Release|x86 = Release|x86
	EndGlobalSection
	GlobalSection(ProjectConfigurationPlatforms) = postSolution
		{B589F384-D2DB-494D-8645-B1618512B17F}.Debug|x64.ActiveCfg = Debug|x64
		{B589F384-D2DB-494D-8645-B1618512B17F}.Debug|x64.Build.0 = Debug|x64
		{B589F384-D2DB-494D-8645-B1618512B17F}.Debug|x86.ActiveCfg = Debug|Win32
		{B589F384-D2DB-494D-8645-B1618512B17F}.Debug|x86.Build.0 = Debug|Win32
		{B589F384-D2DB-494D-8645-B1618512B17F}.Release|x64.ActiveCfg = Release|x64
		{B589F384-D2DB-494D-8645-B1618512B17F}.Release|x64.Build.0 = Release|x64
		{B589F384-D2DB-494D-8645-B1618512B17F}.Release|x86.ActiveCfg = Release|Win32
		{B589F384-D2DB-494D-8645-B1618512B17F}.Release|x86.Build.0 = Release|Win32
		{5497635D-86AD-4EB8-A080-87FE294EA954}.Debug|x64.ActiveCfg = Debug|x64
		{5497635D-86AD-4EB8-A080-87FE294EA954}.Debug|x64.Build.0 = Debug|x64
		{5497635D-86AD-4EB8-A080-87FE294EA954}.Debug|x86.ActiveCfg = Debug|Win32
		{5497635D-86AD-4EB8-A080-87FE294EA954}.Debug|x86.Build.0 = Debug|Win32
		{5497635D-86AD-4EB8-A080-87FE294EA954}.Release|x64.ActiveCfg = Release|x64
		{5497635D-86AD-4EB8-A080-87FE294EA954}.Release|x64.Build.0 = Release|x64
		{5497635D-86AD-4EB8-A080-87FE294EA954}.Release|x86.ActiveCfg = Release|Win32
		{5497635D-86AD-4EB8-A080-87FE294EA954}.Release|x86.Build.0 = Release|Win32
		{7E915462-0E20-4271-BAB5-F5BC6FF35533}.Debug|x64.ActiveCfg = Debug|x64
		{7E915462-0E20-4271-BAB5-F5BC6FF35533}.Debug|x64.Build.0 = Debug|x64
		{7E915462-0E20-4271-BAB5-F5BC6FF35533}.Debug|x86.ActiveCfg = Debug|Win32
		{7E915462-0E20-4271-BAB5-F5BC6FF35533}.Debug|x86.Build.0 = Debug|Win32
		{7E915462-0E20-4271-BAB5-F5BC6FF35533}.Release|x64.ActiveCfg = Release|x64
		{7E915462-0E20-4271-BAB5-F5BC6FF35533}.Release|x64.Build.0 = Release|x64
		{7E915462-0E20-4271-BAB5-F5BC6FF35533}.Release|x86.ActiveCfg = Release|Win32
		{7E915462-0E20-4271-BAB5-F5BC6FF35533}.Release|x86.Build.0 = Release|Win32
		{0EB89158-914C-48AF-B605-D1D5B7E7AB87}.Debug|x64.ActiveCfg = Debug|x64
		{0EB89158-914C-48AF-B605-D1D5B7E7AB87}.Debug|x64.Build.0 = Debug|x64
		{0EB89158-914C-48AF-B605-D1D5B7E7AB87}.Debug|x86.ActiveCfg = Debug|Win32
		{0EB89158-914C-48AF-B605-D1D5B7E7AB87}.Debug|x86.Build.0 = Debug|Win32
		{0EB89158-914C-48AF-B605-D1D5B7E7AB87}.Release|x64.ActiveCfg = Release|x64
		{0EB89158-914C-48AF-B605-D1D5B7E7AB87}.Release|x64.Build.0 = Release|x64
		{0EB89158-914C-48AF-B605-D1D5B7E7AB87}.Release|x86.ActiveCfg = Release|Win32
		{0EB89158-914C-48AF-B605-D1D5B7E7AB87}.Release|x86.Build.0 = Release|Win32
	EndGlobalSection
	GlobalSection(SolutionProperties) = preSolution
		HideSolutionNode = FALSE
	EndGlobalSection
	GlobalSection(ExtensibilityGlobals) = postSolution
		SolutionGuid = {A1850179-DE1D-4D2D-9FC5-7D2AE59F70EE}
	EndGlobalSection
EndGlobal
